// !$*UTF8*$!
{
	archiveVersion = 1;
	classes = {
	};
	objectVersion = 50;
	objects = {

/* Begin PBXBuildFile section */
		1497A81E20D92D4C008E8493 /* README.md in Resources */ = {isa = PBXBuildFile; fileRef = 1497A81D20D92D4C008E8493 /* README.md */; };
		14AB939E20D7412D00AA232B /* AppDelegate.m in Sources */ = {isa = PBXBuildFile; fileRef = 14AB939D20D7412D00AA232B /* AppDelegate.m */; };
		14AB93A620D7412E00AA232B /* Assets.xcassets in Resources */ = {isa = PBXBuildFile; fileRef = 14AB93A520D7412E00AA232B /* Assets.xcassets */; };
		14AB93A920D7412E00AA232B /* LaunchScreen.storyboard in Resources */ = {isa = PBXBuildFile; fileRef = 14AB93A720D7412E00AA232B /* LaunchScreen.storyboard */; };
		14AB93AC20D7412E00AA232B /* main.m in Sources */ = {isa = PBXBuildFile; fileRef = 14AB93AB20D7412E00AA232B /* main.m */; };
		14AB93B720D7438A00AA232B /* PhotoAlbumListVC.m in Sources */ = {isa = PBXBuildFile; fileRef = 14AB93B620D7438A00AA232B /* PhotoAlbumListVC.m */; };
		14AB93BA20D774DD00AA232B /* AssetGridVC.m in Sources */ = {isa = PBXBuildFile; fileRef = 14AB93B920D774DD00AA232B /* AssetGridVC.m */; };
		14AB93BD20D77A0C00AA232B /* GridViewCell.m in Sources */ = {isa = PBXBuildFile; fileRef = 14AB93BC20D77A0C00AA232B /* GridViewCell.m */; };
/* End PBXBuildFile section */

/* Begin PBXFileReference section */
		1497A81D20D92D4C008E8493 /* README.md */ = {isa = PBXFileReference; fileEncoding = 4; lastKnownFileType = net.daringfireball.markdown; path = README.md; sourceTree = SOURCE_ROOT; };
		14AB939920D7412D00AA232B /* SamplePhotosDemo.app */ = {isa = PBXFileReference; explicitFileType = wrapper.application; includeInIndex = 0; path = SamplePhotosDemo.app; sourceTree = BUILT_PRODUCTS_DIR; };
		14AB939C20D7412D00AA232B /* AppDelegate.h */ = {isa = PBXFileReference; lastKnownFileType = sourcecode.c.h; path = AppDelegate.h; sourceTree = "<group>"; };
		14AB939D20D7412D00AA232B /* AppDelegate.m */ = {isa = PBXFileReference; lastKnownFileType = sourcecode.c.objc; path = AppDelegate.m; sourceTree = "<group>"; };
		14AB93A520D7412E00AA232B /* Assets.xcassets */ = {isa = PBXFileReference; lastKnownFileType = folder.assetcatalog; path = Assets.xcassets; sourceTree = "<group>"; };
		14AB93A820D7412E00AA232B /* Base */ = {isa = PBXFileReference; lastKnownFileType = file.storyboard; name = Base; path = Base.lproj/LaunchScreen.storyboard; sourceTree = "<group>"; };
		14AB93AA20D7412E00AA232B /* Info.plist */ = {isa = PBXFileReference; lastKnownFileType = text.plist.xml; path = Info.plist; sourceTree = "<group>"; };
		14AB93AB20D7412E00AA232B /* main.m */ = {isa = PBXFileReference; lastKnownFileType = sourcecode.c.objc; path = main.m; sourceTree = "<group>"; };
		14AB93B520D7438A00AA232B /* PhotoAlbumListVC.h */ = {isa = PBXFileReference; lastKnownFileType = sourcecode.c.h; path = PhotoAlbumListVC.h; sourceTree = "<group>"; };
		14AB93B620D7438A00AA232B /* PhotoAlbumListVC.m */ = {isa = PBXFileReference; lastKnownFileType = sourcecode.c.objc; path = PhotoAlbumListVC.m; sourceTree = "<group>"; };
		14AB93B820D774DD00AA232B /* AssetGridVC.h */ = {isa = PBXFileReference; lastKnownFileType = sourcecode.c.h; path = AssetGridVC.h; sourceTree = "<group>"; };
		14AB93B920D774DD00AA232B /* AssetGridVC.m */ = {isa = PBXFileReference; lastKnownFileType = sourcecode.c.objc; path = AssetGridVC.m; sourceTree = "<group>"; };
		14AB93BB20D77A0C00AA232B /* GridViewCell.h */ = {isa = PBXFileReference; lastKnownFileType = sourcecode.c.h; path = GridViewCell.h; sourceTree = "<group>"; };
		14AB93BC20D77A0C00AA232B /* GridViewCell.m */ = {isa = PBXFileReference; lastKnownFileType = sourcecode.c.objc; path = GridViewCell.m; sourceTree = "<group>"; };
/* End PBXFileReference section */

/* Begin PBXFrameworksBuildPhase section */
		14AB939620D7412D00AA232B /* Frameworks */ = {
			isa = PBXFrameworksBuildPhase;
			buildActionMask = 2147483647;
			files = (
			);
			runOnlyForDeploymentPostprocessing = 0;
		};
/* End PBXFrameworksBuildPhase section */

/* Begin PBXGroup section */
		14AB939020D7412D00AA232B = {
			isa = PBXGroup;
			children = (
				14AB939B20D7412D00AA232B /* SamplePhotosDemo */,
				14AB939A20D7412D00AA232B /* Products */,
			);
			sourceTree = "<group>";
		};
		14AB939A20D7412D00AA232B /* Products */ = {
			isa = PBXGroup;
			children = (
				14AB939920D7412D00AA232B /* SamplePhotosDemo.app */,
			);
			name = Products;
			sourceTree = "<group>";
		};
		14AB939B20D7412D00AA232B /* SamplePhotosDemo */ = {
			isa = PBXGroup;
			children = (
				14AB939C20D7412D00AA232B /* AppDelegate.h */,
				14AB939D20D7412D00AA232B /* AppDelegate.m */,
				14AB93B520D7438A00AA232B /* PhotoAlbumListVC.h */,
				14AB93B620D7438A00AA232B /* PhotoAlbumListVC.m */,
				14AB93B820D774DD00AA232B /* AssetGridVC.h */,
				14AB93B920D774DD00AA232B /* AssetGridVC.m */,
				14AB93BB20D77A0C00AA232B /* GridViewCell.h */,
				14AB93BC20D77A0C00AA232B /* GridViewCell.m */,
				14AB93A520D7412E00AA232B /* Assets.xcassets */,
				14AB93A720D7412E00AA232B /* LaunchScreen.storyboard */,
				14AB93AA20D7412E00AA232B /* Info.plist */,
				14AB93AB20D7412E00AA232B /* main.m */,
				1497A81D20D92D4C008E8493 /* README.md */,
			);
			path = SamplePhotosDemo;
			sourceTree = "<group>";
		};
/* End PBXGroup section */

/* Begin PBXNativeTarget section */
		14AB939820D7412D00AA232B /* SamplePhotosDemo */ = {
			isa = PBXNativeTarget;
			buildConfigurationList = 14AB93AF20D7412E00AA232B /* Build configuration list for PBXNativeTarget "SamplePhotosDemo" */;
			buildPhases = (
				14AB939520D7412D00AA232B /* Sources */,
				14AB939620D7412D00AA232B /* Frameworks */,
				14AB939720D7412D00AA232B /* Resources */,
			);
			buildRules = (
			);
			dependencies = (
			);
			name = SamplePhotosDemo;
			productName = SamplePhotosDemo;
			productReference = 14AB939920D7412D00AA232B /* SamplePhotosDemo.app */;
			productType = "com.apple.product-type.application";
		};
/* End PBXNativeTarget section */

/* Begin PBXProject section */
		14AB939120D7412D00AA232B /* Project object */ = {
			isa = PBXProject;
			attributes = {
				LastUpgradeCheck = 0940;
				ORGANIZATIONNAME = iTruda;
				TargetAttributes = {
					14AB939820D7412D00AA232B = {
						CreatedOnToolsVersion = 9.4;
					};
				};
			};
			buildConfigurationList = 14AB939420D7412D00AA232B /* Build configuration list for PBXProject "SamplePhotosDemo" */;
			compatibilityVersion = "Xcode 9.3";
			developmentRegion = en;
			hasScannedForEncodings = 0;
			knownRegions = (
				en,
				Base,
			);
			mainGroup = 14AB939020D7412D00AA232B;
			productRefGroup = 14AB939A20D7412D00AA232B /* Products */;
			projectDirPath = "";
			projectRoot = "";
			targets = (
				14AB939820D7412D00AA232B /* SamplePhotosDemo */,
			);
		};
/* End PBXProject section */

/* Begin PBXResourcesBuildPhase section */
		14AB939720D7412D00AA232B /* Resources */ = {
			isa = PBXResourcesBuildPhase;
			buildActionMask = 2147483647;
			files = (
				1497A81E20D92D4C008E8493 /* README.md in Resources */,
				14AB93A920D7412E00AA232B /* LaunchScreen.storyboard in Resources */,
				14AB93A620D7412E00AA232B /* Assets.xcassets in Resources */,
			);
			runOnlyForDeploymentPostprocessing = 0;
		};
/* End PBXResourcesBuildPhase section */

/* Begin PBXSourcesBuildPhase section */
		14AB939520D7412D00AA232B /* Sources */ = {
			isa = PBXSourcesBuildPhase;
			buildActionMask = 2147483647;
			files = (
				14AB93B720D7438A00AA232B /* PhotoAlbumListVC.m in Sources */,
				14AB93AC20D7412E00AA232B /* main.m in Sources */,
				14AB939E20D7412D00AA232B /* AppDelegate.m in Sources */,
				14AB93BD20D77A0C00AA232B /* GridViewCell.m in Sources */,
				14AB93BA20D774DD00AA232B /* AssetGridVC.m in Sources */,
			);
			runOnlyForDeploymentPostprocessing = 0;
		};
/* End PBXSourcesBuildPhase section */

/* Begin PBXVariantGroup section */
		14AB93A720D7412E00AA232B /* LaunchScreen.storyboard */ = {
			isa = PBXVariantGroup;
			children = (
				14AB93A820D7412E00AA232B /* Base */,
			);
			name = LaunchScreen.storyboard;
			sourceTree = "<group>";
		};
/* End PBXVariantGroup section */

/* Begin XCBuildConfiguration section */
		14AB93AD20D7412E00AA232B /* Debug */ = {
			isa = XCBuildConfiguration;
			buildSettings = {
				ALWAYS_SEARCH_USER_PATHS = NO;
				CLANG_ANALYZER_NONNULL = YES;
				CLANG_ANALYZER_NUMBER_OBJECT_CONVERSION = YES_AGGRESSIVE;
				CLANG_CXX_LANGUAGE_STANDARD = "gnu++14";
				CLANG_CXX_LIBRARY = "libc++";
				CLANG_ENABLE_MODULES = YES;
				CLANG_ENABLE_OBJC_ARC = YES;
				CLANG_ENABLE_OBJC_WEAK = YES;
				CLANG_WARN_BLOCK_CAPTURE_AUTORELEASING = YES;
				CLANG_WARN_BOOL_CONVERSION = YES;
				CLANG_WARN_COMMA = YES;
				CLANG_WARN_CONSTANT_CONVERSION = YES;
				CLANG_WARN_DEPRECATED_OBJC_IMPLEMENTATIONS = YES;
				CLANG_WARN_DIRECT_OBJC_ISA_USAGE = YES_ERROR;
				CLANG_WARN_DOCUMENTATION_COMMENTS = YES;
				CLANG_WARN_EMPTY_BODY = YES;
				CLANG_WARN_ENUM_CONVERSION = YES;
				CLANG_WARN_INFINITE_RECURSION = YES;
				CLANG_WARN_INT_CONVERSION = YES;
				CLANG_WARN_NON_LITERAL_NULL_CONVERSION = YES;
				CLANG_WARN_OBJC_IMPLICIT_RETAIN_SELF = YES;
				CLANG_WARN_OBJC_LITERAL_CONVERSION = YES;
				CLANG_WARN_OBJC_ROOT_CLASS = YES_ERROR;
				CLANG_WARN_RANGE_LOOP_ANALYSIS = YES;
				CLANG_WARN_STRICT_PROTOTYPES = YES;
				CLANG_WARN_SUSPICIOUS_MOVE = YES;
				CLANG_WARN_UNGUARDED_AVAILABILITY = YES_AGGRESSIVE;
				CLANG_WARN_UNREACHABLE_CODE = YES;
				CLANG_WARN__DUPLICATE_METHOD_MATCH = YES;
				CODE_SIGN_IDENTITY = "iPhone Developer";
				COPY_PHASE_STRIP = NO;
				DEBUG_INFORMATION_FORMAT = dwarf;
				ENABLE_STRICT_OBJC_MSGSEND = YES;
				ENABLE_TESTABILITY = YES;
				GCC_C_LANGUAGE_STANDARD = gnu11;
				GCC_DYNAMIC_NO_PIC = NO;
				GCC_NO_COMMON_BLOCKS = YES;
				GCC_OPTIMIZATION_LEVEL = 0;
				GCC_PREPROCESSOR_DEFINITIONS = (
					"DEBUG=1",
					"$(inherited)",
				);
				GCC_WARN_64_TO_32_BIT_CONVERSION = YES;
				GCC_WARN_ABOUT_RETURN_TYPE = YES_ERROR;
				GCC_WARN_UNDECLARED_SELECTOR = YES;
				GCC_WARN_UNINITIALIZED_AUTOS = YES_AGGRESSIVE;
				GCC_WARN_UNUSED_FUNCTION = YES;
				GCC_WARN_UNUSED_VARIABLE = YES;
				IPHONEOS_DEPLOYMENT_TARGET = 11.4;
				MTL_ENABLE_DEBUG_INFO = YES;
				ONLY_ACTIVE_ARCH = YES;
				SDKROOT = iphoneos;
			};
			name = Debug;
		};
		14AB93AE20D7412E00AA232B /* Release */ = {
			isa = XCBuildConfiguration;
			buildSettings = {
				ALWAYS_SEARCH_USER_PATHS = NO;
				CLANG_ANALYZER_NONNULL = YES;
				CLANG_ANALYZER_NUMBER_OBJECT_CONVERSION = YES_AGGRESSIVE;
				CLANG_CXX_LANGUAGE_STANDARD = "gnu++14";
				CLANG_CXX_LIBRARY = "libc++";
				CLANG_ENABLE_MODULES = YES;
				CLANG_ENABLE_OBJC_ARC = YES;
				CLANG_ENABLE_OBJC_WEAK = YES;
				CLANG_WARN_BLOCK_CAPTURE_AUTORELEASING = YES;
				CLANG_WARN_BOOL_CONVERSION = YES;
				CLANG_WARN_COMMA = YES;
				CLANG_WARN_CONSTANT_CONVERSION = YES;
				CLANG_WARN_DEPRECATED_OBJC_IMPLEMENTATIONS = YES;
				CLANG_WARN_DIRECT_OBJC_ISA_USAGE = YES_ERROR;
				CLANG_WARN_DOCUMENTATION_COMMENTS = YES;
				CLANG_WARN_EMPTY_BODY = YES;
				CLANG_WARN_ENUM_CONVERSION = YES;
				CLANG_WARN_INFINITE_RECURSION = YES;
				CLANG_WARN_INT_CONVERSION = YES;
				CLANG_WARN_NON_LITERAL_NULL_CONVERSION = YES;
				CLANG_WARN_OBJC_IMPLICIT_RETAIN_SELF = YES;
				CLANG_WARN_OBJC_LITERAL_CONVERSION = YES;
				CLANG_WARN_OBJC_ROOT_CLASS = YES_ERROR;
				CLANG_WARN_RANGE_LOOP_ANALYSIS = YES;
				CLANG_WARN_STRICT_PROTOTYPES = YES;
				CLANG_WARN_SUSPICIOUS_MOVE = YES;
				CLANG_WARN_UNGUARDED_AVAILABILITY = YES_AGGRESSIVE;
				CLANG_WARN_UNREACHABLE_CODE = YES;
				CLANG_WARN__DUPLICATE_METHOD_MATCH = YES;
				CODE_SIGN_IDENTITY = "iPhone Developer";
				COPY_PHASE_STRIP = NO;
				DEBUG_INFORMATION_FORMAT = "dwarf-with-dsym";
				ENABLE_NS_ASSERTIONS = NO;
				ENABLE_STRICT_OBJC_MSGSEND = YES;
				GCC_C_LANGUAGE_STANDARD = gnu11;
				GCC_NO_COMMON_BLOCKS = YES;
				GCC_WARN_64_TO_32_BIT_CONVERSION = YES;
				GCC_WARN_ABOUT_RETURN_TYPE = YES_ERROR;
				GCC_WARN_UNDECLARED_SELECTOR = YES;
				GCC_WARN_UNINITIALIZED_AUTOS = YES_AGGRESSIVE;
				GCC_WARN_UNUSED_FUNCTION = YES;
				GCC_WARN_UNUSED_VARIABLE = YES;
				IPHONEOS_DEPLOYMENT_TARGET = 11.4;
				MTL_ENABLE_DEBUG_INFO = NO;
				SDKROOT = iphoneos;
				VALIDATE_PRODUCT = YES;
			};
			name = Release;
		};
		14AB93B020D7412E00AA232B /* Debug */ = {
			isa = XCBuildConfiguration;
			buildSettings = {
				ASSETCATALOG_COMPILER_APPICON_NAME = AppIcon;
				CODE_SIGN_STYLE = Automatic;
				DEVELOPMENT_TEAM = 32FNPEZ956;
				INFOPLIST_FILE = SamplePhotosDemo/Info.plist;
				IPHONEOS_DEPLOYMENT_TARGET = 9.0;
				LD_RUNPATH_SEARCH_PATHS = (
					"$(inherited)",
					"@executable_path/Frameworks",
				);
				PRODUCT_BUNDLE_IDENTIFIER = com.iTruda.SamplePhotosDemo;
				PRODUCT_NAME = "$(TARGET_NAME)";
				TARGETED_DEVICE_FAMILY = 1;
			};
			name = Debug;
		};
		14AB93B120D7412E00AA232B /* Release */ = {
			isa = XCBuildConfiguration;
			buildSettings = {
				ASSETCATALOG_COMPILER_APPICON_NAME = AppIcon;
				CODE_SIGN_STYLE = Automatic;
				DEVELOPMENT_TEAM = 32FNPEZ956;
				INFOPLIST_FILE = SamplePhotosDemo/Info.plist;
				IPHONEOS_DEPLOYMENT_TARGET = 9.0;
				LD_RUNPATH_SEARCH_PATHS = (
					"$(inherited)",
					"@executable_path/Frameworks",
				);
				PRODUCT_BUNDLE_IDENTIFIER = com.iTruda.SamplePhotosDemo;
				PRODUCT_NAME = "$(TARGET_NAME)";
				TARGETED_DEVICE_FAMILY = 1;
			};
			name = Release;
		};
/* End XCBuildConfiguration section */

/* Begin XCConfigurationList section */
		14AB939420D7412D00AA232B /* Build configuration list for PBXProject "SamplePhotosDemo" */ = {
			isa = XCConfigurationList;
			buildConfigurations = (
				14AB93AD20D7412E00AA232B /* Debug */,
				14AB93AE20D7412E00AA232B /* Release */,
			);
			defaultConfigurationIsVisible = 0;
			defaultConfigurationName = Release;
		};
		14AB93AF20D7412E00AA232B /* Build configuration list for PBXNativeTarget "SamplePhotosDemo" */ = {
			isa = XCConfigurationList;
			buildConfigurations = (
				14AB93B020D7412E00AA232B /* Debug */,
				14AB93B120D7412E00AA232B /* Release */,
			);
			defaultConfigurationIsVisible = 0;
			defaultConfigurationName = Release;
		};
/* End XCConfigurationList section */
	};
	rootObject = 14AB939120D7412D00AA232B /* Project object */;
}
